
Microsoft Visual Studio Solution File, Format Version 12.00
# Visual Studio Version 16
VisualStudioVersion = 16.0.29806.167
MinimumVisualStudioVersion = 10.0.40219.1
Project("{FAE04EC0-301F-11D3-BF4B-00C04F79EFBC}") = "DELETE ERD", "DELETE ERD\DELETE ERD.csproj", "{B21E49BF-6143-4098-99D0-E328AFE9CFDE}"
EndProject
Global
	GlobalSection(SolutionConfigurationPlatforms) = preSolution
		Debug|Any CPU = Debug|Any CPU
		Release|Any CPU = Release|Any CPU
	EndGlobalSection
	GlobalSection(ProjectConfigurationPlatforms) = postSolution
		{B21E49BF-6143-4098-99D0-E328AFE9CFDE}.Debug|Any CPU.ActiveCfg = Debug|Any CPU
		{B21E49BF-6143-4098-99D0-E328AFE9CFDE}.Debug|Any CPU.Build.0 = Debug|Any CPU
		{B21E49BF-6143-4098-99D0-E328AFE9CFDE}.Release|Any CPU.ActiveCfg = Release|Any CPU
		{B21E49BF-6143-4098-99D0-E328AFE9CFDE}.Release|Any CPU.Build.0 = Release|Any CPU
	EndGlobalSection
	GlobalSection(SolutionProperties) = preSolution
		HideSolutionNode = FALSE
	EndGlobalSection
	GlobalSection(ExtensibilityGlobals) = postSolution
		SolutionGuid = {EDD0D9AF-6562-4DBA-A275-6D62C19F4FAB}
	EndGlobalSection
EndGlobal
